github.com/deadblue/elevengo v0.0.2-0.20200410042438-01f0e9bca4f1 h1:ZfP+SbBslpE99vuWvfXuRWSVbfrGo3jIw5/a9eboDyc=
github.com/deadblue/elevengo v0.0.2-0.20200410042438-01f0e9bca4f1/go.mod h1:HrdohPlxmbh6lbWSQ/rpOrnM5u7kxuS7rKSRLVowygo=
github.com/deadblue/elevengo v0.0.2-0.20200411131323-33cb5d9bde63/go.mod h1:HrdohPlxmbh6lbWSQ/rpOrnM5u7kxuS7rKSRLVowygo=
github.com/deadblue/elevengo v0.1.1 h1:wv5zuXyqb2YPCBAebUCdZ/6Dq11HgzT92sd7i/SgCGU=
github.com/deadblue/elevengo v0.1.1/go.mod h1:HrdohPlxmbh6lbWSQ/rpOrnM5u7kxuS7rKSRLVowygo=
github.com/deadblue/elevengo v0.1.2-0.20200412063843-c0c56021961a h1:O1fP/rBY38ktQ6LvxKIhJWB29LS+m+/fry+MW5nvpW4=
github.com/deadblue/elevengo v0.1.2-0.20200412063843-c0c56021961a/go.mod h1:HrdohPlxmbh6lbWSQ/rpOrnM5u7kxuS7rKSRLVowygo=
github.com/mattn/go-runewidth v0.0.3 h1:a+kO+98RDGEfo6asOGMmpodZq4FNtnGP54yps8BzLR4=
github.com/mattn/go-runewidth v0.0.3/go.mod h1:LwmH8dsx7+W8Uxz3IHJYH5QSwggIsqBzpuz5H//U1FU=
github.com/mattn/go-runewidth v0.0.7 h1:Ei8KR0497xHyKJPAv59M1dkC+rOZCMBJ+t3fZ+twI54=
github.com/mattn/go-runewidth v0.0.7/go.mod h1:H031xJmbD/WCDINGzjvQ9THkh0rPKHF+m2gUSrubnMI=
github.com/olekukonko/tablewriter v0.0.4 h1:vHD/YYe1Wolo78koG299f7V/VAS08c6IpCLn+Ejf/w8=
github.com/olekukonko/tablewriter v0.0.4/go.mod h1:zq6QwlOf5SlnkVbMSr5EoBv3636FWnp+qbPhuoO21uA=
github.com/peterh/liner v1.2.0 h1:w/UPXyl5GfahFxcTOz2j9wCIHNI+pUPr2laqpojKNCg=
github.com/peterh/liner v1.2.0/go.mod h1:CRroGNssyjTd/qIG2FyxByd2S8JEAZXBl4qUrZf8GS0=
github.com/skip2/go-qrcode v0.0.0-20191027152451-9434209cb086 h1:RYiqpb2ii2Z6J4x0wxK46kvPBbFuZcdhS+CIztmYgZs=
github.com/skip2/go-qrcode v0.0.0-20191027152451-9434209cb086/go.mod h1:PLPIyL7ikehBD1OAjmKKiOEhbvWyHGaNDjquXMcYABo=
github.com/spf13/pflag v1.0.5 h1:iy+VFUOCP1a+8yFto/drg2CJ5u0yRoB7fZw3DKv/JXA=
github.com/spf13/pflag v1.0.5/go.mod h1:McXfInJRrz4CZXVZOBLb0bTZqETkiAhM9Iw0y3An2Bg=
